{
  "name": "CovidTracker-main",
  "lockfileVersion": 2,
  "requires": true,
  "packages": {
    "": {
      "dependencies": {
        "interface": "^1.2.1"
      }
    },
    "node_modules/interface": {
      "version": "1.2.1",
      "resolved": "https://registry.npmjs.org/interface/-/interface-1.2.1.tgz",
      "integrity": "sha512-qMf+X2WyPxlGKE/lyBxQ7Ju3RNe8buQUxRBVPlmrmqMyMvQtPUShz7a/281njPjGnUMJ7hJ8+3Wx8Y7H6L5ixw=="
    }
  },
  "dependencies": {
    "interface": {
      "version": "1.2.1",
      "resolved": "https://registry.npmjs.org/interface/-/interface-1.2.1.tgz",
      "integrity": "sha512-qMf+X2WyPxlGKE/lyBxQ7Ju3RNe8buQUxRBVPlmrmqMyMvQtPUShz7a/281njPjGnUMJ7hJ8+3Wx8Y7H6L5ixw=="
    }
  }
}
